
Microsoft Visual Studio Solution File, Format Version 12.00
# Visual Studio Version 17
VisualStudioVersion = 17.6.33815.320
MinimumVisualStudioVersion = 10.0.40219.1
Project("{FAE04EC0-301F-11D3-BF4B-00C04F79EFBC}") = "ShortestRouteOptimizer", "ShortestRouteOptimizer\ShortestRouteOptimizer.csproj", "{56242D5A-2827-4954-BC58-56800B1A66D8}"
EndProject
Global
	GlobalSection(SolutionConfigurationPlatforms) = preSolution
		Debug|Any CPU = Debug|Any CPU
		Release|Any CPU = Release|Any CPU
	EndGlobalSection
	GlobalSection(ProjectConfigurationPlatforms) = postSolution
		{56242D5A-2827-4954-BC58-56800B1A66D8}.Debug|Any CPU.ActiveCfg = Debug|Any CPU
		{56242D5A-2827-4954-BC58-56800B1A66D8}.Debug|Any CPU.Build.0 = Debug|Any CPU
		{56242D5A-2827-4954-BC58-56800B1A66D8}.Release|Any CPU.ActiveCfg = Release|Any CPU
		{56242D5A-2827-4954-BC58-56800B1A66D8}.Release|Any CPU.Build.0 = Release|Any CPU
	EndGlobalSection
	GlobalSection(SolutionProperties) = preSolution
		HideSolutionNode = FALSE
	EndGlobalSection
	GlobalSection(ExtensibilityGlobals) = postSolution
		SolutionGuid = {1CA34394-3EFD-4FB2-BF7C-71BDEFD2C94C}
	EndGlobalSection
EndGlobal
